
Microsoft Visual Studio Solution File, Format Version 12.00
# Visual Studio Version 17
VisualStudioVersion = 17.9.34616.47
MinimumVisualStudioVersion = 10.0.40219.1
Project("{9A19103F-16F7-4668-BE54-9A1E7A4F7556}") = "Task Management System", "User Roles Application\Task Management System.csproj", "{F649FBFF-D5A5-4FD2-BE9C-E15271FE5058}"
EndProject
Global
	GlobalSection(SolutionConfigurationPlatforms) = preSolution
		Debug|Any CPU = Debug|Any CPU
		Release|Any CPU = Release|Any CPU
	EndGlobalSection
	GlobalSection(ProjectConfigurationPlatforms) = postSolution
		{F649FBFF-D5A5-4FD2-BE9C-E15271FE5058}.Debug|Any CPU.ActiveCfg = Debug|Any CPU
		{F649FBFF-D5A5-4FD2-BE9C-E15271FE5058}.Debug|Any CPU.Build.0 = Debug|Any CPU
		{F649FBFF-D5A5-4FD2-BE9C-E15271FE5058}.Release|Any CPU.ActiveCfg = Release|Any CPU
		{F649FBFF-D5A5-4FD2-BE9C-E15271FE5058}.Release|Any CPU.Build.0 = Release|Any CPU
	EndGlobalSection
	GlobalSection(SolutionProperties) = preSolution
		HideSolutionNode = FALSE
	EndGlobalSection
	GlobalSection(ExtensibilityGlobals) = postSolution
		SolutionGuid = {8D4749AB-B1F2-4C59-96CB-C4F36F42D39D}
	EndGlobalSection
EndGlobal
