
Microsoft Visual Studio Solution File, Format Version 12.00
# Visual Studio Version 17
VisualStudioVersion = 17.9.34616.47
MinimumVisualStudioVersion = 10.0.40219.1
Project("{9A19103F-16F7-4668-BE54-9A1E7A4F7556}") = "Task Management System", "Task Management System.csproj", "{AE1FDC25-BFC9-4C75-A9D3-553F2CBFF2AB}"
EndProject
Global
	GlobalSection(SolutionConfigurationPlatforms) = preSolution
		Debug|Any CPU = Debug|Any CPU
		Release|Any CPU = Release|Any CPU
	EndGlobalSection
	GlobalSection(ProjectConfigurationPlatforms) = postSolution
		{AE1FDC25-BFC9-4C75-A9D3-553F2CBFF2AB}.Debug|Any CPU.ActiveCfg = Debug|Any CPU
		{AE1FDC25-BFC9-4C75-A9D3-553F2CBFF2AB}.Debug|Any CPU.Build.0 = Debug|Any CPU
		{AE1FDC25-BFC9-4C75-A9D3-553F2CBFF2AB}.Release|Any CPU.ActiveCfg = Release|Any CPU
		{AE1FDC25-BFC9-4C75-A9D3-553F2CBFF2AB}.Release|Any CPU.Build.0 = Release|Any CPU
	EndGlobalSection
	GlobalSection(SolutionProperties) = preSolution
		HideSolutionNode = FALSE
	EndGlobalSection
	GlobalSection(ExtensibilityGlobals) = postSolution
		SolutionGuid = {DA333CE6-D53E-434A-8914-F45EE16182D6}
	EndGlobalSection
EndGlobal
